// !$*UTF8*$!
{
	archiveVersion = 1;
	classes = {
	};
	objectVersion = 50;
	objects = {

/* Begin PBXBuildFile section */
		01389185BA6B7C8DE2507567 /* Pods_TVShows.framework in Frameworks */ = {isa = PBXBuildFile; fileRef = BE44D6DC5F31F21B7AC02F07 /* Pods_TVShows.framework */; };
		5C4994C120FFD88E00E20A3D /* User.swift in Sources */ = {isa = PBXBuildFile; fileRef = 5C4994C020FFD88E00E20A3D /* User.swift */; };
		5CF0C43A20F3948000E98CF2 /* Login.storyboard in Resources */ = {isa = PBXBuildFile; fileRef = 5CF0C43920F3948000E98CF2 /* Login.storyboard */; };
		5CF0C43C20F394B400E98CF2 /* LoginViewController.swift in Sources */ = {isa = PBXBuildFile; fileRef = 5CF0C43B20F394B400E98CF2 /* LoginViewController.swift */; };
		5CF689FE20EE6F53000602E5 /* AppDelegate.swift in Sources */ = {isa = PBXBuildFile; fileRef = 5CF689FD20EE6F53000602E5 /* AppDelegate.swift */; };
		5CF68A0520EE6F56000602E5 /* Assets.xcassets in Resources */ = {isa = PBXBuildFile; fileRef = 5CF68A0420EE6F56000602E5 /* Assets.xcassets */; };
		5CFD4C2B20FD380D009165AF /* HomeViewController.swift in Sources */ = {isa = PBXBuildFile; fileRef = 5CFD4C2A20FD380D009165AF /* HomeViewController.swift */; };
/* End PBXBuildFile section */

/* Begin PBXFileReference section */
		4D1322A6C864667C9C052AB3 /* Pods-TVShows.release.xcconfig */ = {isa = PBXFileReference; includeInIndex = 1; lastKnownFileType = text.xcconfig; name = "Pods-TVShows.release.xcconfig"; path = "Pods/Target Support Files/Pods-TVShows/Pods-TVShows.release.xcconfig"; sourceTree = "<group>"; };
		5C4994C020FFD88E00E20A3D /* User.swift */ = {isa = PBXFileReference; lastKnownFileType = sourcecode.swift; path = User.swift; sourceTree = "<group>"; };
		5CF0C43920F3948000E98CF2 /* Login.storyboard */ = {isa = PBXFileReference; lastKnownFileType = file.storyboard; path = Login.storyboard; sourceTree = "<group>"; };
		5CF0C43B20F394B400E98CF2 /* LoginViewController.swift */ = {isa = PBXFileReference; lastKnownFileType = sourcecode.swift; path = LoginViewController.swift; sourceTree = "<group>"; };
		5CF689FA20EE6F53000602E5 /* TVShows.app */ = {isa = PBXFileReference; explicitFileType = wrapper.application; includeInIndex = 0; path = TVShows.app; sourceTree = BUILT_PRODUCTS_DIR; };
		5CF689FD20EE6F53000602E5 /* AppDelegate.swift */ = {isa = PBXFileReference; lastKnownFileType = sourcecode.swift; path = AppDelegate.swift; sourceTree = "<group>"; };
		5CF68A0420EE6F56000602E5 /* Assets.xcassets */ = {isa = PBXFileReference; lastKnownFileType = folder.assetcatalog; path = Assets.xcassets; sourceTree = "<group>"; };
		5CF68A0920EE6F56000602E5 /* Info.plist */ = {isa = PBXFileReference; lastKnownFileType = text.plist.xml; path = Info.plist; sourceTree = "<group>"; };
		5CFD4C2A20FD380D009165AF /* HomeViewController.swift */ = {isa = PBXFileReference; lastKnownFileType = sourcecode.swift; path = HomeViewController.swift; sourceTree = "<group>"; };
		BE44D6DC5F31F21B7AC02F07 /* Pods_TVShows.framework */ = {isa = PBXFileReference; explicitFileType = wrapper.framework; includeInIndex = 0; path = Pods_TVShows.framework; sourceTree = BUILT_PRODUCTS_DIR; };
		CE50ABFD70ACF0D472C2E06D /* Pods-TVShows.debug.xcconfig */ = {isa = PBXFileReference; includeInIndex = 1; lastKnownFileType = text.xcconfig; name = "Pods-TVShows.debug.xcconfig"; path = "Pods/Target Support Files/Pods-TVShows/Pods-TVShows.debug.xcconfig"; sourceTree = "<group>"; };
/* End PBXFileReference section */

/* Begin PBXFrameworksBuildPhase section */
		5CF689F720EE6F53000602E5 /* Frameworks */ = {
			isa = PBXFrameworksBuildPhase;
			buildActionMask = 2147483647;
			files = (
				01389185BA6B7C8DE2507567 /* Pods_TVShows.framework in Frameworks */,
			);
			runOnlyForDeploymentPostprocessing = 0;
		};
/* End PBXFrameworksBuildPhase section */

/* Begin PBXGroup section */
		5CF0C43820F3941D00E98CF2 /* Login */ = {
			isa = PBXGroup;
			children = (
				5CF0C43920F3948000E98CF2 /* Login.storyboard */,
				5CF0C43B20F394B400E98CF2 /* LoginViewController.swift */,
				5CFD4C2A20FD380D009165AF /* HomeViewController.swift */,
				5C4994C020FFD88E00E20A3D /* User.swift */,
			);
			path = Login;
			sourceTree = "<group>";
		};
		5CF689F120EE6F53000602E5 = {
			isa = PBXGroup;
			children = (
				5CF689FC20EE6F53000602E5 /* TVShows */,
				5CF689FB20EE6F53000602E5 /* Products */,
				FD53C753C4EBDB2B5DE48A58 /* Pods */,
				7533288083E4DC405A2D738B /* Frameworks */,
			);
			sourceTree = "<group>";
		};
		5CF689FB20EE6F53000602E5 /* Products */ = {
			isa = PBXGroup;
			children = (
				5CF689FA20EE6F53000602E5 /* TVShows.app */,
			);
			name = Products;
			sourceTree = "<group>";
		};
		5CF689FC20EE6F53000602E5 /* TVShows */ = {
			isa = PBXGroup;
			children = (
				5CF0C43820F3941D00E98CF2 /* Login */,
				5CF689FD20EE6F53000602E5 /* AppDelegate.swift */,
				5CF68A0420EE6F56000602E5 /* Assets.xcassets */,
				5CF68A0920EE6F56000602E5 /* Info.plist */,
			);
			path = TVShows;
			sourceTree = "<group>";
		};
		7533288083E4DC405A2D738B /* Frameworks */ = {
			isa = PBXGroup;
			children = (
				BE44D6DC5F31F21B7AC02F07 /* Pods_TVShows.framework */,
			);
			name = Frameworks;
			sourceTree = "<group>";
		};
		FD53C753C4EBDB2B5DE48A58 /* Pods */ = {
			isa = PBXGroup;
			children = (
				CE50ABFD70ACF0D472C2E06D /* Pods-TVShows.debug.xcconfig */,
				4D1322A6C864667C9C052AB3 /* Pods-TVShows.release.xcconfig */,
			);
			name = Pods;
			sourceTree = "<group>";
		};
/* End PBXGroup section */

/* Begin PBXNativeTarget section */
		5CF689F920EE6F53000602E5 /* TVShows */ = {
			isa = PBXNativeTarget;
			buildConfigurationList = 5CF68A0C20EE6F56000602E5 /* Build configuration list for PBXNativeTarget "TVShows" */;
			buildPhases = (
				F41A53826F99B53C7CAC88C6 /* [CP] Check Pods Manifest.lock */,
				5CF689F620EE6F53000602E5 /* Sources */,
				5CF689F720EE6F53000602E5 /* Frameworks */,
				5CF689F820EE6F53000602E5 /* Resources */,
				696CFF14174414745450B5B5 /* [CP] Embed Pods Frameworks */,
			);
			buildRules = (
			);
			dependencies = (
			);
			name = TVShows;
			productName = TVShows;
			productReference = 5CF689FA20EE6F53000602E5 /* TVShows.app */;
			productType = "com.apple.product-type.application";
		};
/* End PBXNativeTarget section */

/* Begin PBXProject section */
		5CF689F220EE6F53000602E5 /* Project object */ = {
			isa = PBXProject;
			attributes = {
				LastSwiftUpdateCheck = 0940;
				LastUpgradeCheck = 0940;
				ORGANIZATIONNAME = "Infinum Student Academy MG";
				TargetAttributes = {
					5CF689F920EE6F53000602E5 = {
						CreatedOnToolsVersion = 9.4.1;
					};
				};
			};
			buildConfigurationList = 5CF689F520EE6F53000602E5 /* Build configuration list for PBXProject "TVShows" */;
			compatibilityVersion = "Xcode 9.3";
			developmentRegion = en;
			hasScannedForEncodings = 0;
			knownRegions = (
				en,
				Base,
			);
			mainGroup = 5CF689F120EE6F53000602E5;
			productRefGroup = 5CF689FB20EE6F53000602E5 /* Products */;
			projectDirPath = "";
			projectRoot = "";
			targets = (
				5CF689F920EE6F53000602E5 /* TVShows */,
			);
		};
/* End PBXProject section */

/* Begin PBXResourcesBuildPhase section */
		5CF689F820EE6F53000602E5 /* Resources */ = {
			isa = PBXResourcesBuildPhase;
			buildActionMask = 2147483647;
			files = (
				5CF0C43A20F3948000E98CF2 /* Login.storyboard in Resources */,
				5CF68A0520EE6F56000602E5 /* Assets.xcassets in Resources */,
			);
			runOnlyForDeploymentPostprocessing = 0;
		};
/* End PBXResourcesBuildPhase section */

/* Begin PBXShellScriptBuildPhase section */
		696CFF14174414745450B5B5 /* [CP] Embed Pods Frameworks */ = {
			isa = PBXShellScriptBuildPhase;
			buildActionMask = 2147483647;
			files = (
			);
			inputPaths = (
				"${SRCROOT}/Pods/Target Support Files/Pods-TVShows/Pods-TVShows-frameworks.sh",
				"${BUILT_PRODUCTS_DIR}/Alamofire/Alamofire.framework",
				"${BUILT_PRODUCTS_DIR}/CodableAlamofire/CodableAlamofire.framework",
				"${BUILT_PRODUCTS_DIR}/SVProgressHUD/SVProgressHUD.framework",
			);
			name = "[CP] Embed Pods Frameworks";
			outputPaths = (
				"${TARGET_BUILD_DIR}/${FRAMEWORKS_FOLDER_PATH}/Alamofire.framework",
				"${TARGET_BUILD_DIR}/${FRAMEWORKS_FOLDER_PATH}/CodableAlamofire.framework",
				"${TARGET_BUILD_DIR}/${FRAMEWORKS_FOLDER_PATH}/SVProgressHUD.framework",
			);
			runOnlyForDeploymentPostprocessing = 0;
			shellPath = /bin/sh;
			shellScript = "\"${SRCROOT}/Pods/Target Support Files/Pods-TVShows/Pods-TVShows-frameworks.sh\"\n";
			showEnvVarsInLog = 0;
		};
		F41A53826F99B53C7CAC88C6 /* [CP] Check Pods Manifest.lock */ = {
			isa = PBXShellScriptBuildPhase;
			buildActionMask = 2147483647;
			files = (
			);
			inputPaths = (
				"${PODS_PODFILE_DIR_PATH}/Podfile.lock",
				"${PODS_ROOT}/Manifest.lock",
			);
			name = "[CP] Check Pods Manifest.lock";
			outputPaths = (
				"$(DERIVED_FILE_DIR)/Pods-TVShows-checkManifestLockResult.txt",
			);
			runOnlyForDeploymentPostprocessing = 0;
			shellPath = /bin/sh;
			shellScript = "diff \"${PODS_PODFILE_DIR_PATH}/Podfile.lock\" \"${PODS_ROOT}/Manifest.lock\" > /dev/null\nif [ $? != 0 ] ; then\n    # print error to STDERR\n    echo \"error: The sandbox is not in sync with the Podfile.lock. Run 'pod install' or update your CocoaPods installation.\" >&2\n    exit 1\nfi\n# This output is used by Xcode 'outputs' to avoid re-running this script phase.\necho \"SUCCESS\" > \"${SCRIPT_OUTPUT_FILE_0}\"\n";
			showEnvVarsInLog = 0;
		};
/* End PBXShellScriptBuildPhase section */

/* Begin PBXSourcesBuildPhase section */
		5CF689F620EE6F53000602E5 /* Sources */ = {
			isa = PBXSourcesBuildPhase;
			buildActionMask = 2147483647;
			files = (
				5C4994C120FFD88E00E20A3D /* User.swift in Sources */,
				5CF0C43C20F394B400E98CF2 /* LoginViewController.swift in Sources */,
				5CF689FE20EE6F53000602E5 /* AppDelegate.swift in Sources */,
				5CFD4C2B20FD380D009165AF /* HomeViewController.swift in Sources */,
			);
			runOnlyForDeploymentPostprocessing = 0;
		};
/* End PBXSourcesBuildPhase section */

/* Begin XCBuildConfiguration section */
		5CF68A0A20EE6F56000602E5 /* Debug */ = {
			isa = XCBuildConfiguration;
			buildSettings = {
				ALWAYS_SEARCH_USER_PATHS = NO;
				CLANG_ANALYZER_NONNULL = YES;
				CLANG_ANALYZER_NUMBER_OBJECT_CONVERSION = YES_AGGRESSIVE;
				CLANG_CXX_LANGUAGE_STANDARD = "gnu++14";
				CLANG_CXX_LIBRARY = "libc++";
				CLANG_ENABLE_MODULES = YES;
				CLANG_ENABLE_OBJC_ARC = YES;
				CLANG_ENABLE_OBJC_WEAK = YES;
				CLANG_WARN_BLOCK_CAPTURE_AUTORELEASING = YES;
				CLANG_WARN_BOOL_CONVERSION = YES;
				CLANG_WARN_COMMA = YES;
				CLANG_WARN_CONSTANT_CONVERSION = YES;
				CLANG_WARN_DEPRECATED_OBJC_IMPLEMENTATIONS = YES;
				CLANG_WARN_DIRECT_OBJC_ISA_USAGE = YES_ERROR;
				CLANG_WARN_DOCUMENTATION_COMMENTS = YES;
				CLANG_WARN_EMPTY_BODY = YES;
				CLANG_WARN_ENUM_CONVERSION = YES;
				CLANG_WARN_INFINITE_RECURSION = YES;
				CLANG_WARN_INT_CONVERSION = YES;
				CLANG_WARN_NON_LITERAL_NULL_CONVERSION = YES;
				CLANG_WARN_OBJC_IMPLICIT_RETAIN_SELF = YES;
				CLANG_WARN_OBJC_LITERAL_CONVERSION = YES;
				CLANG_WARN_OBJC_ROOT_CLASS = YES_ERROR;
				CLANG_WARN_RANGE_LOOP_ANALYSIS = YES;
				CLANG_WARN_STRICT_PROTOTYPES = YES;
				CLANG_WARN_SUSPICIOUS_MOVE = YES;
				CLANG_WARN_UNGUARDED_AVAILABILITY = YES_AGGRESSIVE;
				CLANG_WARN_UNREACHABLE_CODE = YES;
				CLANG_WARN__DUPLICATE_METHOD_MATCH = YES;
				CODE_SIGN_IDENTITY = "iPhone Developer";
				COPY_PHASE_STRIP = NO;
				DEBUG_INFORMATION_FORMAT = dwarf;
				ENABLE_STRICT_OBJC_MSGSEND = YES;
				ENABLE_TESTABILITY = YES;
				GCC_C_LANGUAGE_STANDARD = gnu11;
				GCC_DYNAMIC_NO_PIC = NO;
				GCC_NO_COMMON_BLOCKS = YES;
				GCC_OPTIMIZATION_LEVEL = 0;
				GCC_PREPROCESSOR_DEFINITIONS = (
					"DEBUG=1",
					"$(inherited)",
				);
				GCC_WARN_64_TO_32_BIT_CONVERSION = YES;
				GCC_WARN_ABOUT_RETURN_TYPE = YES_ERROR;
				GCC_WARN_UNDECLARED_SELECTOR = YES;
				GCC_WARN_UNINITIALIZED_AUTOS = YES_AGGRESSIVE;
				GCC_WARN_UNUSED_FUNCTION = YES;
				GCC_WARN_UNUSED_VARIABLE = YES;
				IPHONEOS_DEPLOYMENT_TARGET = 11.4;
				MTL_ENABLE_DEBUG_INFO = YES;
				ONLY_ACTIVE_ARCH = YES;
				SDKROOT = iphoneos;
				SWIFT_ACTIVE_COMPILATION_CONDITIONS = DEBUG;
				SWIFT_OPTIMIZATION_LEVEL = "-Onone";
			};
			name = Debug;
		};
		5CF68A0B20EE6F56000602E5 /* Release */ = {
			isa = XCBuildConfiguration;
			buildSettings = {
				ALWAYS_SEARCH_USER_PATHS = NO;
				CLANG_ANALYZER_NONNULL = YES;
				CLANG_ANALYZER_NUMBER_OBJECT_CONVERSION = YES_AGGRESSIVE;
				CLANG_CXX_LANGUAGE_STANDARD = "gnu++14";
				CLANG_CXX_LIBRARY = "libc++";
				CLANG_ENABLE_MODULES = YES;
				CLANG_ENABLE_OBJC_ARC = YES;
				CLANG_ENABLE_OBJC_WEAK = YES;
				CLANG_WARN_BLOCK_CAPTURE_AUTORELEASING = YES;
				CLANG_WARN_BOOL_CONVERSION = YES;
				CLANG_WARN_COMMA = YES;
				CLANG_WARN_CONSTANT_CONVERSION = YES;
				CLANG_WARN_DEPRECATED_OBJC_IMPLEMENTATIONS = YES;
				CLANG_WARN_DIRECT_OBJC_ISA_USAGE = YES_ERROR;
				CLANG_WARN_DOCUMENTATION_COMMENTS = YES;
				CLANG_WARN_EMPTY_BODY = YES;
				CLANG_WARN_ENUM_CONVERSION = YES;
				CLANG_WARN_INFINITE_RECURSION = YES;
				CLANG_WARN_INT_CONVERSION = YES;
				CLANG_WARN_NON_LITERAL_NULL_CONVERSION = YES;
				CLANG_WARN_OBJC_IMPLICIT_RETAIN_SELF = YES;
				CLANG_WARN_OBJC_LITERAL_CONVERSION = YES;
				CLANG_WARN_OBJC_ROOT_CLASS = YES_ERROR;
				CLANG_WARN_RANGE_LOOP_ANALYSIS = YES;
				CLANG_WARN_STRICT_PROTOTYPES = YES;
				CLANG_WARN_SUSPICIOUS_MOVE = YES;
				CLANG_WARN_UNGUARDED_AVAILABILITY = YES_AGGRESSIVE;
				CLANG_WARN_UNREACHABLE_CODE = YES;
				CLANG_WARN__DUPLICATE_METHOD_MATCH = YES;
				CODE_SIGN_IDENTITY = "iPhone Developer";
				COPY_PHASE_STRIP = NO;
				DEBUG_INFORMATION_FORMAT = "dwarf-with-dsym";
				ENABLE_NS_ASSERTIONS = NO;
				ENABLE_STRICT_OBJC_MSGSEND = YES;
				GCC_C_LANGUAGE_STANDARD = gnu11;
				GCC_NO_COMMON_BLOCKS = YES;
				GCC_WARN_64_TO_32_BIT_CONVERSION = YES;
				GCC_WARN_ABOUT_RETURN_TYPE = YES_ERROR;
				GCC_WARN_UNDECLARED_SELECTOR = YES;
				GCC_WARN_UNINITIALIZED_AUTOS = YES_AGGRESSIVE;
				GCC_WARN_UNUSED_FUNCTION = YES;
				GCC_WARN_UNUSED_VARIABLE = YES;
				IPHONEOS_DEPLOYMENT_TARGET = 11.4;
				MTL_ENABLE_DEBUG_INFO = NO;
				SDKROOT = iphoneos;
				SWIFT_COMPILATION_MODE = wholemodule;
				SWIFT_OPTIMIZATION_LEVEL = "-O";
				VALIDATE_PRODUCT = YES;
			};
			name = Release;
		};
		5CF68A0D20EE6F56000602E5 /* Debug */ = {
			isa = XCBuildConfiguration;
			baseConfigurationReference = CE50ABFD70ACF0D472C2E06D /* Pods-TVShows.debug.xcconfig */;
			buildSettings = {
				ASSETCATALOG_COMPILER_APPICON_NAME = AppIcon;
				CODE_SIGN_STYLE = Automatic;
				INFOPLIST_FILE = TVShows/Info.plist;
				LD_RUNPATH_SEARCH_PATHS = (
					"$(inherited)",
					"@executable_path/Frameworks",
				);
				PRODUCT_BUNDLE_IDENTIFIER = co.MislavG.TVShows;
				PRODUCT_NAME = "$(TARGET_NAME)";
				SWIFT_VERSION = 4.0;
				TARGETED_DEVICE_FAMILY = "1,2";
			};
			name = Debug;
		};
		5CF68A0E20EE6F56000602E5 /* Release */ = {
			isa = XCBuildConfiguration;
			baseConfigurationReference = 4D1322A6C864667C9C052AB3 /* Pods-TVShows.release.xcconfig */;
			buildSettings = {
				ASSETCATALOG_COMPILER_APPICON_NAME = AppIcon;
				CODE_SIGN_STYLE = Automatic;
				INFOPLIST_FILE = TVShows/Info.plist;
				LD_RUNPATH_SEARCH_PATHS = (
					"$(inherited)",
					"@executable_path/Frameworks",
				);
				PRODUCT_BUNDLE_IDENTIFIER = co.MislavG.TVShows;
				PRODUCT_NAME = "$(TARGET_NAME)";
				SWIFT_VERSION = 4.0;
				TARGETED_DEVICE_FAMILY = "1,2";
			};
			name = Release;
		};
/* End XCBuildConfiguration section */

/* Begin XCConfigurationList section */
		5CF689F520EE6F53000602E5 /* Build configuration list for PBXProject "TVShows" */ = {
			isa = XCConfigurationList;
			buildConfigurations = (
				5CF68A0A20EE6F56000602E5 /* Debug */,
				5CF68A0B20EE6F56000602E5 /* Release */,
			);
			defaultConfigurationIsVisible = 0;
			defaultConfigurationName = Release;
		};
		5CF68A0C20EE6F56000602E5 /* Build configuration list for PBXNativeTarget "TVShows" */ = {
			isa = XCConfigurationList;
			buildConfigurations = (
				5CF68A0D20EE6F56000602E5 /* Debug */,
				5CF68A0E20EE6F56000602E5 /* Release */,
			);
			defaultConfigurationIsVisible = 0;
			defaultConfigurationName = Release;
		};
/* End XCConfigurationList section */
	};
	rootObject = 5CF689F220EE6F53000602E5 /* Project object */;
}
